
Microsoft Visual Studio Solution File, Format Version 12.00
# Visual Studio Version 16
VisualStudioVersion = 16.0.32126.315
MinimumVisualStudioVersion = 10.0.40219.1
Project("{FAE04EC0-301F-11D3-BF4B-00C04F79EFBC}") = "DataTemp", "DataTemp\DataTemp.csproj", "{D0D28526-7196-4915-AE5D-31465FE9218E}"
EndProject
Global
	GlobalSection(SolutionConfigurationPlatforms) = preSolution
		Debug|Any CPU = Debug|Any CPU
		Release|Any CPU = Release|Any CPU
	EndGlobalSection
	GlobalSection(ProjectConfigurationPlatforms) = postSolution
		{D0D28526-7196-4915-AE5D-31465FE9218E}.Debug|Any CPU.ActiveCfg = Debug|Any CPU
		{D0D28526-7196-4915-AE5D-31465FE9218E}.Debug|Any CPU.Build.0 = Debug|Any CPU
		{D0D28526-7196-4915-AE5D-31465FE9218E}.Release|Any CPU.ActiveCfg = Release|Any CPU
		{D0D28526-7196-4915-AE5D-31465FE9218E}.Release|Any CPU.Build.0 = Release|Any CPU
	EndGlobalSection
	GlobalSection(SolutionProperties) = preSolution
		HideSolutionNode = FALSE
	EndGlobalSection
	GlobalSection(ExtensibilityGlobals) = postSolution
		SolutionGuid = {01012788-7F59-42F5-86F7-614122347D0E}
	EndGlobalSection
EndGlobal
